github.com/sakthipriyan/hugo-continuum v0.5.1 h1:xInrDI1aIlol6a7LTX9y4zANQ4UCFGkNnw36PqfB7uA=
github.com/sakthipriyan/hugo-continuum v0.5.1/go.mod h1:Sk5iJmICMNsMi5EPo8/e0MU6KrcT+pRIY50FoydyulM=
github.com/sakthipriyan/hugo-continuum v0.6.0 h1:5FQAMwWwbi6uRNgTG6a8Za3fTknGYGKohFY5A04ciu0=
github.com/sakthipriyan/hugo-continuum v0.6.0/go.mod h1:Sk5iJmICMNsMi5EPo8/e0MU6KrcT+pRIY50FoydyulM=
github.com/sakthipriyan/hugo-continuum v0.7.0 h1:0wMTYdS2EUPGfFAk+zEoNegqo7Shcrvs58sI7MrqZn4=
github.com/sakthipriyan/hugo-continuum v0.7.0/go.mod h1:Sk5iJmICMNsMi5EPo8/e0MU6KrcT+pRIY50FoydyulM=
github.com/sakthipriyan/hugo-continuum v0.8.0 h1:mAoYtL1HDCyhgjH+YNUD/I0ozYqeyxLV78tXB943YVk=
github.com/sakthipriyan/hugo-continuum v0.8.0/go.mod h1:Sk5iJmICMNsMi5EPo8/e0MU6KrcT+pRIY50FoydyulM=
github.com/sakthipriyan/hugo-continuum v0.9.0 h1:sauGmYWs6kEHaID+H5NpMC2b7xtw6Wcub1GWfp+W0T0=
github.com/sakthipriyan/hugo-continuum v0.9.0/go.mod h1:Sk5iJmICMNsMi5EPo8/e0MU6KrcT+pRIY50FoydyulM=
github.com/sakthipriyan/hugo-continuum v0.10.0 h1:xeVxOCiZ706n0nvRcZQDd+my+EOG2MNzwXMAs1N5L58=
github.com/sakthipriyan/hugo-continuum v0.10.0/go.mod h1:Sk5iJmICMNsMi5EPo8/e0MU6KrcT+pRIY50FoydyulM=
github.com/sakthipriyan/hugo-continuum v0.11.0 h1:cVeYLQMWlRf4Re9N2LjiRPLWJVEUumEUclHfckq3S6o=
github.com/sakthipriyan/hugo-continuum v0.11.0/go.mod h1:Sk5iJmICMNsMi5EPo8/e0MU6KrcT+pRIY50FoydyulM=
