github.com/sakthipriyan/hugo-continuum v0.5.1 h1:xInrDI1aIlol6a7LTX9y4zANQ4UCFGkNnw36PqfB7uA=
github.com/sakthipriyan/hugo-continuum v0.5.1/go.mod h1:Sk5iJmICMNsMi5EPo8/e0MU6KrcT+pRIY50FoydyulM=
github.com/sakthipriyan/hugo-continuum v0.6.0 h1:5FQAMwWwbi6uRNgTG6a8Za3fTknGYGKohFY5A04ciu0=
github.com/sakthipriyan/hugo-continuum v0.6.0/go.mod h1:Sk5iJmICMNsMi5EPo8/e0MU6KrcT+pRIY50FoydyulM=
github.com/sakthipriyan/hugo-continuum v0.7.0 h1:0wMTYdS2EUPGfFAk+zEoNegqo7Shcrvs58sI7MrqZn4=
github.com/sakthipriyan/hugo-continuum v0.7.0/go.mod h1:Sk5iJmICMNsMi5EPo8/e0MU6KrcT+pRIY50FoydyulM=
